// !$*UTF8*$!
{
	archiveVersion = 1;
	classes = {
	};
	objectVersion = 56;
	objects = {

/* Begin PBXBuildFile section */
		2D13CB052916997E0082948F /* inverse.c in Sources */ = {isa = PBXBuildFile; fileRef = 2D13CB042916997E0082948F /* inverse.c */; };
		2D13CB0B2916ABC50082948F /* crt.c in Sources */ = {isa = PBXBuildFile; fileRef = 2D13CB0A2916ABC50082948F /* crt.c */; };
		2D13CB0E2916B9DA0082948F /* ModularEquation.c in Sources */ = {isa = PBXBuildFile; fileRef = 2D13CB0D2916B9DA0082948F /* ModularEquation.c */; };
		2D3BB242290D3CF200AC5465 /* main.c in Sources */ = {isa = PBXBuildFile; fileRef = 2D3BB241290D3CF200AC5465 /* main.c */; };
		2D3BB24A290D3D1900AC5465 /* gcd.c in Sources */ = {isa = PBXBuildFile; fileRef = 2D3BB249290D3D1900AC5465 /* gcd.c */; };
		2DA31E732928D27C0063A096 /* primary-test.c in Sources */ = {isa = PBXBuildFile; fileRef = 2DA31E722928D27C0063A096 /* primary-test.c */; };
		2DBBD7FB291EA44500D2D5D8 /* square-and-multiply.c in Sources */ = {isa = PBXBuildFile; fileRef = 2DBBD7FA291EA44500D2D5D8 /* square-and-multiply.c */; };
/* End PBXBuildFile section */

/* Begin PBXCopyFilesBuildPhase section */
		2D3BB23C290D3CF200AC5465 /* CopyFiles */ = {
			isa = PBXCopyFilesBuildPhase;
			buildActionMask = 2147483647;
			dstPath = /usr/share/man/man1/;
			dstSubfolderSpec = 0;
			files = (
			);
			runOnlyForDeploymentPostprocessing = 1;
		};
/* End PBXCopyFilesBuildPhase section */

/* Begin PBXFileReference section */
		2D13CB032916997E0082948F /* inverse.h */ = {isa = PBXFileReference; lastKnownFileType = sourcecode.c.h; path = inverse.h; sourceTree = "<group>"; };
		2D13CB042916997E0082948F /* inverse.c */ = {isa = PBXFileReference; lastKnownFileType = sourcecode.c.c; path = inverse.c; sourceTree = "<group>"; };
		2D13CB092916ABC50082948F /* crt.h */ = {isa = PBXFileReference; lastKnownFileType = sourcecode.c.h; path = crt.h; sourceTree = "<group>"; };
		2D13CB0A2916ABC50082948F /* crt.c */ = {isa = PBXFileReference; lastKnownFileType = sourcecode.c.c; path = crt.c; sourceTree = "<group>"; };
		2D13CB0C2916B9DA0082948F /* ModularEquation.h */ = {isa = PBXFileReference; lastKnownFileType = sourcecode.c.h; path = ModularEquation.h; sourceTree = "<group>"; };
		2D13CB0D2916B9DA0082948F /* ModularEquation.c */ = {isa = PBXFileReference; lastKnownFileType = sourcecode.c.c; path = ModularEquation.c; sourceTree = "<group>"; };
		2D3BB23E290D3CF200AC5465 /* Cryptography */ = {isa = PBXFileReference; explicitFileType = "compiled.mach-o.executable"; includeInIndex = 0; path = Cryptography; sourceTree = BUILT_PRODUCTS_DIR; };
		2D3BB241290D3CF200AC5465 /* main.c */ = {isa = PBXFileReference; lastKnownFileType = sourcecode.c.c; path = main.c; sourceTree = "<group>"; };
		2D3BB248290D3D1900AC5465 /* gcd.h */ = {isa = PBXFileReference; lastKnownFileType = sourcecode.c.h; path = gcd.h; sourceTree = "<group>"; };
		2D3BB249290D3D1900AC5465 /* gcd.c */ = {isa = PBXFileReference; lastKnownFileType = sourcecode.c.c; path = gcd.c; sourceTree = "<group>"; };
		2DA31E712928D27C0063A096 /* primary-test.h */ = {isa = PBXFileReference; lastKnownFileType = sourcecode.c.h; path = "primary-test.h"; sourceTree = "<group>"; };
		2DA31E722928D27C0063A096 /* primary-test.c */ = {isa = PBXFileReference; lastKnownFileType = sourcecode.c.c; path = "primary-test.c"; sourceTree = "<group>"; };
		2DBBD7F9291EA44500D2D5D8 /* square-and-multiply.h */ = {isa = PBXFileReference; lastKnownFileType = sourcecode.c.h; path = "square-and-multiply.h"; sourceTree = "<group>"; };
		2DBBD7FA291EA44500D2D5D8 /* square-and-multiply.c */ = {isa = PBXFileReference; lastKnownFileType = sourcecode.c.c; path = "square-and-multiply.c"; sourceTree = "<group>"; };
/* End PBXFileReference section */

/* Begin PBXFrameworksBuildPhase section */
		2D3BB23B290D3CF200AC5465 /* Frameworks */ = {
			isa = PBXFrameworksBuildPhase;
			buildActionMask = 2147483647;
			files = (
			);
			runOnlyForDeploymentPostprocessing = 0;
		};
/* End PBXFrameworksBuildPhase section */

/* Begin PBXGroup section */
		2D3BB235290D3CF200AC5465 = {
			isa = PBXGroup;
			children = (
				2D3BB240290D3CF200AC5465 /* Cryptography */,
				2D3BB23F290D3CF200AC5465 /* Products */,
			);
			sourceTree = "<group>";
		};
		2D3BB23F290D3CF200AC5465 /* Products */ = {
			isa = PBXGroup;
			children = (
				2D3BB23E290D3CF200AC5465 /* Cryptography */,
			);
			name = Products;
			sourceTree = "<group>";
		};
		2D3BB240290D3CF200AC5465 /* Cryptography */ = {
			isa = PBXGroup;
			children = (
				2D3BB241290D3CF200AC5465 /* main.c */,
				2D3BB248290D3D1900AC5465 /* gcd.h */,
				2D3BB249290D3D1900AC5465 /* gcd.c */,
				2D13CB032916997E0082948F /* inverse.h */,
				2D13CB042916997E0082948F /* inverse.c */,
				2D13CB0C2916B9DA0082948F /* ModularEquation.h */,
				2D13CB0D2916B9DA0082948F /* ModularEquation.c */,
				2D13CB092916ABC50082948F /* crt.h */,
				2D13CB0A2916ABC50082948F /* crt.c */,
				2DBBD7F9291EA44500D2D5D8 /* square-and-multiply.h */,
				2DBBD7FA291EA44500D2D5D8 /* square-and-multiply.c */,
				2DA31E712928D27C0063A096 /* primary-test.h */,
				2DA31E722928D27C0063A096 /* primary-test.c */,
			);
			path = Cryptography;
			sourceTree = "<group>";
		};
/* End PBXGroup section */

/* Begin PBXNativeTarget section */
		2D3BB23D290D3CF200AC5465 /* Cryptography */ = {
			isa = PBXNativeTarget;
			buildConfigurationList = 2D3BB245290D3CF200AC5465 /* Build configuration list for PBXNativeTarget "Cryptography" */;
			buildPhases = (
				2D3BB23A290D3CF200AC5465 /* Sources */,
				2D3BB23B290D3CF200AC5465 /* Frameworks */,
				2D3BB23C290D3CF200AC5465 /* CopyFiles */,
			);
			buildRules = (
			);
			dependencies = (
			);
			name = Cryptography;
			productName = Cryptography;
			productReference = 2D3BB23E290D3CF200AC5465 /* Cryptography */;
			productType = "com.apple.product-type.tool";
		};
/* End PBXNativeTarget section */

/* Begin PBXProject section */
		2D3BB236290D3CF200AC5465 /* Project object */ = {
			isa = PBXProject;
			attributes = {
				BuildIndependentTargetsInParallel = 1;
				LastUpgradeCheck = 1400;
				TargetAttributes = {
					2D3BB23D290D3CF200AC5465 = {
						CreatedOnToolsVersion = 14.0.1;
					};
				};
			};
			buildConfigurationList = 2D3BB239290D3CF200AC5465 /* Build configuration list for PBXProject "Cryptography" */;
			compatibilityVersion = "Xcode 14.0";
			developmentRegion = en;
			hasScannedForEncodings = 0;
			knownRegions = (
				en,
				Base,
			);
			mainGroup = 2D3BB235290D3CF200AC5465;
			productRefGroup = 2D3BB23F290D3CF200AC5465 /* Products */;
			projectDirPath = "";
			projectRoot = "";
			targets = (
				2D3BB23D290D3CF200AC5465 /* Cryptography */,
			);
		};
/* End PBXProject section */

/* Begin PBXSourcesBuildPhase section */
		2D3BB23A290D3CF200AC5465 /* Sources */ = {
			isa = PBXSourcesBuildPhase;
			buildActionMask = 2147483647;
			files = (
				2DA31E732928D27C0063A096 /* primary-test.c in Sources */,
				2DBBD7FB291EA44500D2D5D8 /* square-and-multiply.c in Sources */,
				2D3BB24A290D3D1900AC5465 /* gcd.c in Sources */,
				2D3BB242290D3CF200AC5465 /* main.c in Sources */,
				2D13CB052916997E0082948F /* inverse.c in Sources */,
				2D13CB0B2916ABC50082948F /* crt.c in Sources */,
				2D13CB0E2916B9DA0082948F /* ModularEquation.c in Sources */,
			);
			runOnlyForDeploymentPostprocessing = 0;
		};
/* End PBXSourcesBuildPhase section */

/* Begin XCBuildConfiguration section */
		2D3BB243290D3CF200AC5465 /* Debug */ = {
			isa = XCBuildConfiguration;
			buildSettings = {
				ALWAYS_SEARCH_USER_PATHS = NO;
				CLANG_ANALYZER_NONNULL = YES;
				CLANG_ANALYZER_NUMBER_OBJECT_CONVERSION = YES_AGGRESSIVE;
				CLANG_CXX_LANGUAGE_STANDARD = "gnu++20";
				CLANG_ENABLE_MODULES = YES;
				CLANG_ENABLE_OBJC_ARC = YES;
				CLANG_ENABLE_OBJC_WEAK = YES;
				CLANG_WARN_BLOCK_CAPTURE_AUTORELEASING = YES;
				CLANG_WARN_BOOL_CONVERSION = YES;
				CLANG_WARN_COMMA = YES;
				CLANG_WARN_CONSTANT_CONVERSION = YES;
				CLANG_WARN_DEPRECATED_OBJC_IMPLEMENTATIONS = YES;
				CLANG_WARN_DIRECT_OBJC_ISA_USAGE = YES_ERROR;
				CLANG_WARN_DOCUMENTATION_COMMENTS = YES;
				CLANG_WARN_EMPTY_BODY = YES;
				CLANG_WARN_ENUM_CONVERSION = YES;
				CLANG_WARN_INFINITE_RECURSION = YES;
				CLANG_WARN_INT_CONVERSION = YES;
				CLANG_WARN_NON_LITERAL_NULL_CONVERSION = YES;
				CLANG_WARN_OBJC_IMPLICIT_RETAIN_SELF = YES;
				CLANG_WARN_OBJC_LITERAL_CONVERSION = YES;
				CLANG_WARN_OBJC_ROOT_CLASS = YES_ERROR;
				CLANG_WARN_QUOTED_INCLUDE_IN_FRAMEWORK_HEADER = YES;
				CLANG_WARN_RANGE_LOOP_ANALYSIS = YES;
				CLANG_WARN_STRICT_PROTOTYPES = YES;
				CLANG_WARN_SUSPICIOUS_MOVE = YES;
				CLANG_WARN_UNGUARDED_AVAILABILITY = YES_AGGRESSIVE;
				CLANG_WARN_UNREACHABLE_CODE = YES;
				CLANG_WARN__DUPLICATE_METHOD_MATCH = YES;
				COPY_PHASE_STRIP = NO;
				DEBUG_INFORMATION_FORMAT = dwarf;
				ENABLE_STRICT_OBJC_MSGSEND = YES;
				ENABLE_TESTABILITY = YES;
				GCC_C_LANGUAGE_STANDARD = gnu11;
				GCC_DYNAMIC_NO_PIC = NO;
				GCC_NO_COMMON_BLOCKS = YES;
				GCC_OPTIMIZATION_LEVEL = 0;
				GCC_PREPROCESSOR_DEFINITIONS = (
					"DEBUG=1",
					"$(inherited)",
				);
				GCC_WARN_64_TO_32_BIT_CONVERSION = YES;
				GCC_WARN_ABOUT_RETURN_TYPE = YES_ERROR;
				GCC_WARN_UNDECLARED_SELECTOR = YES;
				GCC_WARN_UNINITIALIZED_AUTOS = YES_AGGRESSIVE;
				GCC_WARN_UNUSED_FUNCTION = YES;
				GCC_WARN_UNUSED_VARIABLE = YES;
				MACOSX_DEPLOYMENT_TARGET = 12.3;
				MTL_ENABLE_DEBUG_INFO = INCLUDE_SOURCE;
				MTL_FAST_MATH = YES;
				ONLY_ACTIVE_ARCH = YES;
				SDKROOT = macosx;
			};
			name = Debug;
		};
		2D3BB244290D3CF200AC5465 /* Release */ = {
			isa = XCBuildConfiguration;
			buildSettings = {
				ALWAYS_SEARCH_USER_PATHS = NO;
				CLANG_ANALYZER_NONNULL = YES;
				CLANG_ANALYZER_NUMBER_OBJECT_CONVERSION = YES_AGGRESSIVE;
				CLANG_CXX_LANGUAGE_STANDARD = "gnu++20";
				CLANG_ENABLE_MODULES = YES;
				CLANG_ENABLE_OBJC_ARC = YES;
				CLANG_ENABLE_OBJC_WEAK = YES;
				CLANG_WARN_BLOCK_CAPTURE_AUTORELEASING = YES;
				CLANG_WARN_BOOL_CONVERSION = YES;
				CLANG_WARN_COMMA = YES;
				CLANG_WARN_CONSTANT_CONVERSION = YES;
				CLANG_WARN_DEPRECATED_OBJC_IMPLEMENTATIONS = YES;
				CLANG_WARN_DIRECT_OBJC_ISA_USAGE = YES_ERROR;
				CLANG_WARN_DOCUMENTATION_COMMENTS = YES;
				CLANG_WARN_EMPTY_BODY = YES;
				CLANG_WARN_ENUM_CONVERSION = YES;
				CLANG_WARN_INFINITE_RECURSION = YES;
				CLANG_WARN_INT_CONVERSION = YES;
				CLANG_WARN_NON_LITERAL_NULL_CONVERSION = YES;
				CLANG_WARN_OBJC_IMPLICIT_RETAIN_SELF = YES;
				CLANG_WARN_OBJC_LITERAL_CONVERSION = YES;
				CLANG_WARN_OBJC_ROOT_CLASS = YES_ERROR;
				CLANG_WARN_QUOTED_INCLUDE_IN_FRAMEWORK_HEADER = YES;
				CLANG_WARN_RANGE_LOOP_ANALYSIS = YES;
				CLANG_WARN_STRICT_PROTOTYPES = YES;
				CLANG_WARN_SUSPICIOUS_MOVE = YES;
				CLANG_WARN_UNGUARDED_AVAILABILITY = YES_AGGRESSIVE;
				CLANG_WARN_UNREACHABLE_CODE = YES;
				CLANG_WARN__DUPLICATE_METHOD_MATCH = YES;
				COPY_PHASE_STRIP = NO;
				DEBUG_INFORMATION_FORMAT = "dwarf-with-dsym";
				ENABLE_NS_ASSERTIONS = NO;
				ENABLE_STRICT_OBJC_MSGSEND = YES;
				GCC_C_LANGUAGE_STANDARD = gnu11;
				GCC_NO_COMMON_BLOCKS = YES;
				GCC_WARN_64_TO_32_BIT_CONVERSION = YES;
				GCC_WARN_ABOUT_RETURN_TYPE = YES_ERROR;
				GCC_WARN_UNDECLARED_SELECTOR = YES;
				GCC_WARN_UNINITIALIZED_AUTOS = YES_AGGRESSIVE;
				GCC_WARN_UNUSED_FUNCTION = YES;
				GCC_WARN_UNUSED_VARIABLE = YES;
				MACOSX_DEPLOYMENT_TARGET = 12.3;
				MTL_ENABLE_DEBUG_INFO = NO;
				MTL_FAST_MATH = YES;
				SDKROOT = macosx;
			};
			name = Release;
		};
		2D3BB246290D3CF200AC5465 /* Debug */ = {
			isa = XCBuildConfiguration;
			buildSettings = {
				CODE_SIGN_STYLE = Automatic;
				PRODUCT_NAME = "$(TARGET_NAME)";
			};
			name = Debug;
		};
		2D3BB247290D3CF200AC5465 /* Release */ = {
			isa = XCBuildConfiguration;
			buildSettings = {
				CODE_SIGN_STYLE = Automatic;
				PRODUCT_NAME = "$(TARGET_NAME)";
			};
			name = Release;
		};
/* End XCBuildConfiguration section */

/* Begin XCConfigurationList section */
		2D3BB239290D3CF200AC5465 /* Build configuration list for PBXProject "Cryptography" */ = {
			isa = XCConfigurationList;
			buildConfigurations = (
				2D3BB243290D3CF200AC5465 /* Debug */,
				2D3BB244290D3CF200AC5465 /* Release */,
			);
			defaultConfigurationIsVisible = 0;
			defaultConfigurationName = Release;
		};
		2D3BB245290D3CF200AC5465 /* Build configuration list for PBXNativeTarget "Cryptography" */ = {
			isa = XCConfigurationList;
			buildConfigurations = (
				2D3BB246290D3CF200AC5465 /* Debug */,
				2D3BB247290D3CF200AC5465 /* Release */,
			);
			defaultConfigurationIsVisible = 0;
			defaultConfigurationName = Release;
		};
/* End XCConfigurationList section */
	};
	rootObject = 2D3BB236290D3CF200AC5465 /* Project object */;
}
